// !$*UTF8*$!
{
	archiveVersion = 1;
	classes = {
	};
	objectVersion = 46;
	objects = {

/* Begin PBXBuildFile section */
		F404A4DF1513DEC300C5D59F /* nav-bar-background-landscape.png in Resources */ = {isa = PBXBuildFile; fileRef = F404A4DD1513DEC300C5D59F /* nav-bar-background-landscape.png */; };
		F404A4E01513DEC300C5D59F /* nav-bar-background-landscape@2x.png in Resources */ = {isa = PBXBuildFile; fileRef = F404A4DE1513DEC300C5D59F /* nav-bar-background-landscape@2x.png */; };
		F40FDBA814F2889F008BF9C8 /* libTestFlight.a in Frameworks */ = {isa = PBXBuildFile; fileRef = F40FDBA414F2889F008BF9C8 /* libTestFlight.a */; };
		F40FDBA914F2889F008BF9C8 /* README.txt in Resources */ = {isa = PBXBuildFile; fileRef = F40FDBA514F2889F008BF9C8 /* README.txt */; };
		F40FDBAA14F2889F008BF9C8 /* release_notes.txt in Resources */ = {isa = PBXBuildFile; fileRef = F40FDBA614F2889F008BF9C8 /* release_notes.txt */; };
		F41385B315134AEA0087B896 /* GSSmokedInfoView.m in Sources */ = {isa = PBXBuildFile; fileRef = F41385B215134AEA0087B896 /* GSSmokedInfoView.m */; };
		F41385B615134AF80087B896 /* QuartzCore.framework in Frameworks */ = {isa = PBXBuildFile; fileRef = F41385B515134AF80087B896 /* QuartzCore.framework */; };
		F417C78A150A305F0035CACD /* ZPUnrecognisedFileTypeViewController.m in Sources */ = {isa = PBXBuildFile; fileRef = F417C789150A305F0035CACD /* ZPUnrecognisedFileTypeViewController.m */; };
		F417C78C150A31F20035CACD /* ZPUnrecognisedFileTypeViewController.xib in Resources */ = {isa = PBXBuildFile; fileRef = F417C78B150A31F20035CACD /* ZPUnrecognisedFileTypeViewController.xib */; };
		F43352E514F3C41600082527 /* MessageUI.framework in Frameworks */ = {isa = PBXBuildFile; fileRef = F43352E414F3C41600082527 /* MessageUI.framework */; };
		F43352E814F3C80000082527 /* MobileCoreServices.framework in Frameworks */ = {isa = PBXBuildFile; fileRef = F43352E714F3C80000082527 /* MobileCoreServices.framework */; };
		F4413929150BBEC0007F5E03 /* nav-bar-title.png in Resources */ = {isa = PBXBuildFile; fileRef = F4413927150BBEC0007F5E03 /* nav-bar-title.png */; };
		F441392A150BBEC0007F5E03 /* nav-bar-title@2x.png in Resources */ = {isa = PBXBuildFile; fileRef = F4413928150BBEC0007F5E03 /* nav-bar-title@2x.png */; };
		F441392E150BC158007F5E03 /* nav-bar-background.png in Resources */ = {isa = PBXBuildFile; fileRef = F441392C150BC158007F5E03 /* nav-bar-background.png */; };
		F441392F150BC158007F5E03 /* nav-bar-background@2x.png in Resources */ = {isa = PBXBuildFile; fileRef = F441392D150BC158007F5E03 /* nav-bar-background@2x.png */; };
		F4413932150BC4DB007F5E03 /* Default@2x.png in Resources */ = {isa = PBXBuildFile; fileRef = F4413930150BC4DB007F5E03 /* Default@2x.png */; };
		F4413933150BC4DB007F5E03 /* Default.png in Resources */ = {isa = PBXBuildFile; fileRef = F4413931150BC4DB007F5E03 /* Default.png */; };
		F4413936150BC691007F5E03 /* nav-bar-title-landscape.png in Resources */ = {isa = PBXBuildFile; fileRef = F4413934150BC691007F5E03 /* nav-bar-title-landscape.png */; };
		F4413937150BC691007F5E03 /* nav-bar-title-landscape@2x.png in Resources */ = {isa = PBXBuildFile; fileRef = F4413935150BC691007F5E03 /* nav-bar-title-landscape@2x.png */; };
		F441B49C14F3765D0067A4FC /* ZPFileWrapper.m in Sources */ = {isa = PBXBuildFile; fileRef = F441B49A14F3765D0067A4FC /* ZPFileWrapper.m */; };
		F442747F14F85C9B00C84A0B /* ZPImagePreviewController.m in Sources */ = {isa = PBXBuildFile; fileRef = F442747E14F85C9B00C84A0B /* ZPImagePreviewController.m */; };
		F45DA71D150FA05600C40E63 /* Settings.bundle in Resources */ = {isa = PBXBuildFile; fileRef = F45DA71C150FA05500C40E63 /* Settings.bundle */; };
		F4653839151267B800EE9461 /* MACollectionUtilities.m in Sources */ = {isa = PBXBuildFile; fileRef = F4653838151267B800EE9461 /* MACollectionUtilities.m */; };
		F46921A314F7F00500669E7E /* Welcome to Zippity.zip in Resources */ = {isa = PBXBuildFile; fileRef = F46921A214F7F00500669E7E /* Welcome to Zippity.zip */; };
		F476B0D614FB81B700E653E1 /* ZPImageScrollView.m in Sources */ = {isa = PBXBuildFile; fileRef = F476B0D514FB81B700E653E1 /* ZPImageScrollView.m */; };
		F47DFD7F14ED4E32007F7443 /* Icon-Small.png in Resources */ = {isa = PBXBuildFile; fileRef = F47DFD7B14ED4E32007F7443 /* Icon-Small.png */; };
		F47DFD8014ED4E32007F7443 /* Icon-Small@2x.png in Resources */ = {isa = PBXBuildFile; fileRef = F47DFD7C14ED4E32007F7443 /* Icon-Small@2x.png */; };
		F47DFD8114ED4E32007F7443 /* Icon.png in Resources */ = {isa = PBXBuildFile; fileRef = F47DFD7D14ED4E32007F7443 /* Icon.png */; };
		F47DFD8214ED4E32007F7443 /* Icon@2x.png in Resources */ = {isa = PBXBuildFile; fileRef = F47DFD7E14ED4E32007F7443 /* Icon@2x.png */; };
		F47DFDA414ED57BC007F7443 /* libz.1.2.5.dylib in Frameworks */ = {isa = PBXBuildFile; fileRef = F47DFDA314ED57BC007F7443 /* libz.1.2.5.dylib */; };
		F47DFDA714ED5EDF007F7443 /* NSDate+GSAdditions.m in Sources */ = {isa = PBXBuildFile; fileRef = F47DFDA614ED5EDF007F7443 /* NSDate+GSAdditions.m */; };
		F47F535714ECCC82009BF6FE /* UIKit.framework in Frameworks */ = {isa = PBXBuildFile; fileRef = F47F535614ECCC82009BF6FE /* UIKit.framework */; };
		F47F535914ECCC82009BF6FE /* Foundation.framework in Frameworks */ = {isa = PBXBuildFile; fileRef = F47F535814ECCC82009BF6FE /* Foundation.framework */; };
		F47F535B14ECCC82009BF6FE /* CoreGraphics.framework in Frameworks */ = {isa = PBXBuildFile; fileRef = F47F535A14ECCC82009BF6FE /* CoreGraphics.framework */; };
		F47F536114ECCC82009BF6FE /* InfoPlist.strings in Resources */ = {isa = PBXBuildFile; fileRef = F47F535F14ECCC82009BF6FE /* InfoPlist.strings */; };
		F47F536314ECCC82009BF6FE /* main.m in Sources */ = {isa = PBXBuildFile; fileRef = F47F536214ECCC82009BF6FE /* main.m */; };
		F47F536714ECCC82009BF6FE /* ZPAppDelegate.m in Sources */ = {isa = PBXBuildFile; fileRef = F47F536614ECCC82009BF6FE /* ZPAppDelegate.m */; };
		F47F537914ECD062009BF6FE /* ZPFileContainerListViewController.m in Sources */ = {isa = PBXBuildFile; fileRef = F47F537814ECD062009BF6FE /* ZPFileContainerListViewController.m */; };
		F4876C3E14F05D2B00A95302 /* folder-icon.png in Resources */ = {isa = PBXBuildFile; fileRef = F4876C3C14F05D2B00A95302 /* folder-icon.png */; };
		F4876C3F14F05D2B00A95302 /* folder-icon@2x.png in Resources */ = {isa = PBXBuildFile; fileRef = F4876C3D14F05D2B00A95302 /* folder-icon@2x.png */; };
		F4B9909B14EE7F5A00F8FBD8 /* QuickLook.framework in Frameworks */ = {isa = PBXBuildFile; fileRef = F4B9909A14EE7F5A00F8FBD8 /* QuickLook.framework */; };
		F4E1905514F946EF0098D5BB /* ZPImagePreviewController.xib in Resources */ = {isa = PBXBuildFile; fileRef = F4E1905414F946EF0098D5BB /* ZPImagePreviewController.xib */; };
		F4F62C2414FFBE7600AB0C8C /* libarc.a in Frameworks */ = {isa = PBXBuildFile; fileRef = F4F62C2214FFBE7600AB0C8C /* libarc.a */; };
		F4F62C2514FFBE7600AB0C8C /* README.md in Resources */ = {isa = PBXBuildFile; fileRef = F4F62C2314FFBE7600AB0C8C /* README.md */; };
		F4F62C2914FFC3B600AB0C8C /* ZPArchive.m in Sources */ = {isa = PBXBuildFile; fileRef = F4F62C2814FFC3B600AB0C8C /* ZPArchive.m */; };
/* End PBXBuildFile section */

/* Begin PBXFileReference section */
		F40144F4151263690036AF48 /* ZPDefaultsKeys.h */ = {isa = PBXFileReference; lastKnownFileType = sourcecode.c.h; path = ZPDefaultsKeys.h; sourceTree = "<group>"; };
		F404A4DD1513DEC300C5D59F /* nav-bar-background-landscape.png */ = {isa = PBXFileReference; lastKnownFileType = image.png; path = "nav-bar-background-landscape.png"; sourceTree = "<group>"; };
		F404A4DE1513DEC300C5D59F /* nav-bar-background-landscape@2x.png */ = {isa = PBXFileReference; lastKnownFileType = image.png; path = "nav-bar-background-landscape@2x.png"; sourceTree = "<group>"; };
		F40FDBA414F2889F008BF9C8 /* libTestFlight.a */ = {isa = PBXFileReference; lastKnownFileType = archive.ar; path = libTestFlight.a; sourceTree = "<group>"; };
		F40FDBA514F2889F008BF9C8 /* README.txt */ = {isa = PBXFileReference; fileEncoding = 4; lastKnownFileType = text; path = README.txt; sourceTree = "<group>"; };
		F40FDBA614F2889F008BF9C8 /* release_notes.txt */ = {isa = PBXFileReference; fileEncoding = 4; lastKnownFileType = text; path = release_notes.txt; sourceTree = "<group>"; };
		F40FDBA714F2889F008BF9C8 /* TestFlight.h */ = {isa = PBXFileReference; fileEncoding = 4; lastKnownFileType = sourcecode.c.h; path = TestFlight.h; sourceTree = "<group>"; };
		F41385B115134AEA0087B896 /* GSSmokedInfoView.h */ = {isa = PBXFileReference; fileEncoding = 4; lastKnownFileType = sourcecode.c.h; path = GSSmokedInfoView.h; sourceTree = "<group>"; };
		F41385B215134AEA0087B896 /* GSSmokedInfoView.m */ = {isa = PBXFileReference; fileEncoding = 4; lastKnownFileType = sourcecode.c.objc; path = GSSmokedInfoView.m; sourceTree = "<group>"; };
		F41385B515134AF80087B896 /* QuartzCore.framework */ = {isa = PBXFileReference; lastKnownFileType = wrapper.framework; name = QuartzCore.framework; path = System/Library/Frameworks/QuartzCore.framework; sourceTree = SDKROOT; };
		F417C788150A305F0035CACD /* ZPUnrecognisedFileTypeViewController.h */ = {isa = PBXFileReference; fileEncoding = 4; lastKnownFileType = sourcecode.c.h; lineEnding = 0; path = ZPUnrecognisedFileTypeViewController.h; sourceTree = "<group>"; xcLanguageSpecificationIdentifier = xcode.lang.objcpp; };
		F417C789150A305F0035CACD /* ZPUnrecognisedFileTypeViewController.m */ = {isa = PBXFileReference; fileEncoding = 4; lastKnownFileType = sourcecode.c.objc; lineEnding = 0; path = ZPUnrecognisedFileTypeViewController.m; sourceTree = "<group>"; xcLanguageSpecificationIdentifier = xcode.lang.objc; };
		F417C78B150A31F20035CACD /* ZPUnrecognisedFileTypeViewController.xib */ = {isa = PBXFileReference; fileEncoding = 4; lastKnownFileType = file.xib; path = ZPUnrecognisedFileTypeViewController.xib; sourceTree = "<group>"; };
		F43352E414F3C41600082527 /* MessageUI.framework */ = {isa = PBXFileReference; lastKnownFileType = wrapper.framework; name = MessageUI.framework; path = System/Library/Frameworks/MessageUI.framework; sourceTree = SDKROOT; };
		F43352E714F3C80000082527 /* MobileCoreServices.framework */ = {isa = PBXFileReference; lastKnownFileType = wrapper.framework; name = MobileCoreServices.framework; path = System/Library/Frameworks/MobileCoreServices.framework; sourceTree = SDKROOT; };
		F4413927150BBEC0007F5E03 /* nav-bar-title.png */ = {isa = PBXFileReference; lastKnownFileType = image.png; path = "nav-bar-title.png"; sourceTree = "<group>"; };
		F4413928150BBEC0007F5E03 /* nav-bar-title@2x.png */ = {isa = PBXFileReference; lastKnownFileType = image.png; path = "nav-bar-title@2x.png"; sourceTree = "<group>"; };
		F441392C150BC158007F5E03 /* nav-bar-background.png */ = {isa = PBXFileReference; lastKnownFileType = image.png; path = "nav-bar-background.png"; sourceTree = "<group>"; };
		F441392D150BC158007F5E03 /* nav-bar-background@2x.png */ = {isa = PBXFileReference; lastKnownFileType = image.png; path = "nav-bar-background@2x.png"; sourceTree = "<group>"; };
		F4413930150BC4DB007F5E03 /* Default@2x.png */ = {isa = PBXFileReference; lastKnownFileType = image.png; path = "Default@2x.png"; sourceTree = "<group>"; };
		F4413931150BC4DB007F5E03 /* Default.png */ = {isa = PBXFileReference; lastKnownFileType = image.png; path = Default.png; sourceTree = "<group>"; };
		F4413934150BC691007F5E03 /* nav-bar-title-landscape.png */ = {isa = PBXFileReference; lastKnownFileType = image.png; path = "nav-bar-title-landscape.png"; sourceTree = "<group>"; };
		F4413935150BC691007F5E03 /* nav-bar-title-landscape@2x.png */ = {isa = PBXFileReference; lastKnownFileType = image.png; path = "nav-bar-title-landscape@2x.png"; sourceTree = "<group>"; };
		F441B49A14F3765D0067A4FC /* ZPFileWrapper.m */ = {isa = PBXFileReference; fileEncoding = 4; lastKnownFileType = sourcecode.c.objc; lineEnding = 0; path = ZPFileWrapper.m; sourceTree = "<group>"; xcLanguageSpecificationIdentifier = xcode.lang.objc; };
		F441B49B14F3765D0067A4FC /* ZPFileWrapper.h */ = {isa = PBXFileReference; fileEncoding = 4; lastKnownFileType = sourcecode.c.h; path = ZPFileWrapper.h; sourceTree = "<group>"; };
		F442747D14F85C9B00C84A0B /* ZPImagePreviewController.h */ = {isa = PBXFileReference; fileEncoding = 4; lastKnownFileType = sourcecode.c.h; path = ZPImagePreviewController.h; sourceTree = "<group>"; };
		F442747E14F85C9B00C84A0B /* ZPImagePreviewController.m */ = {isa = PBXFileReference; fileEncoding = 4; lastKnownFileType = sourcecode.c.objc; path = ZPImagePreviewController.m; sourceTree = "<group>"; };
		F45DA71C150FA05500C40E63 /* Settings.bundle */ = {isa = PBXFileReference; lastKnownFileType = "wrapper.plug-in"; path = Settings.bundle; sourceTree = "<group>"; };
		F4653837151267B800EE9461 /* MACollectionUtilities.h */ = {isa = PBXFileReference; fileEncoding = 4; lastKnownFileType = sourcecode.c.h; path = MACollectionUtilities.h; sourceTree = "<group>"; };
		F4653838151267B800EE9461 /* MACollectionUtilities.m */ = {isa = PBXFileReference; fileEncoding = 4; lastKnownFileType = sourcecode.c.objc; path = MACollectionUtilities.m; sourceTree = "<group>"; };
		F46921A214F7F00500669E7E /* Welcome to Zippity.zip */ = {isa = PBXFileReference; lastKnownFileType = archive.zip; path = "Welcome to Zippity.zip"; sourceTree = "<group>"; };
		F476B0D414FB81B700E653E1 /* ZPImageScrollView.h */ = {isa = PBXFileReference; fileEncoding = 4; lastKnownFileType = sourcecode.c.h; path = ZPImageScrollView.h; sourceTree = "<group>"; };
		F476B0D514FB81B700E653E1 /* ZPImageScrollView.m */ = {isa = PBXFileReference; fileEncoding = 4; lastKnownFileType = sourcecode.c.objc; path = ZPImageScrollView.m; sourceTree = "<group>"; };
		F47DFD7B14ED4E32007F7443 /* Icon-Small.png */ = {isa = PBXFileReference; lastKnownFileType = image.png; path = "Icon-Small.png"; sourceTree = "<group>"; };
		F47DFD7C14ED4E32007F7443 /* Icon-Small@2x.png */ = {isa = PBXFileReference; lastKnownFileType = image.png; path = "Icon-Small@2x.png"; sourceTree = "<group>"; };
		F47DFD7D14ED4E32007F7443 /* Icon.png */ = {isa = PBXFileReference; lastKnownFileType = image.png; path = Icon.png; sourceTree = "<group>"; };
		F47DFD7E14ED4E32007F7443 /* Icon@2x.png */ = {isa = PBXFileReference; lastKnownFileType = image.png; path = "Icon@2x.png"; sourceTree = "<group>"; };
		F47DFDA314ED57BC007F7443 /* libz.1.2.5.dylib */ = {isa = PBXFileReference; lastKnownFileType = "compiled.mach-o.dylib"; name = libz.1.2.5.dylib; path = usr/lib/libz.1.2.5.dylib; sourceTree = SDKROOT; };
		F47DFDA514ED5EDF007F7443 /* NSDate+GSAdditions.h */ = {isa = PBXFileReference; fileEncoding = 4; lastKnownFileType = sourcecode.c.h; path = "NSDate+GSAdditions.h"; sourceTree = "<group>"; };
		F47DFDA614ED5EDF007F7443 /* NSDate+GSAdditions.m */ = {isa = PBXFileReference; fileEncoding = 4; lastKnownFileType = sourcecode.c.objc; path = "NSDate+GSAdditions.m"; sourceTree = "<group>"; };
		F47F535214ECCC82009BF6FE /* Zippity.app */ = {isa = PBXFileReference; explicitFileType = wrapper.application; includeInIndex = 0; path = Zippity.app; sourceTree = BUILT_PRODUCTS_DIR; };
		F47F535614ECCC82009BF6FE /* UIKit.framework */ = {isa = PBXFileReference; lastKnownFileType = wrapper.framework; name = UIKit.framework; path = System/Library/Frameworks/UIKit.framework; sourceTree = SDKROOT; };
		F47F535814ECCC82009BF6FE /* Foundation.framework */ = {isa = PBXFileReference; lastKnownFileType = wrapper.framework; name = Foundation.framework; path = System/Library/Frameworks/Foundation.framework; sourceTree = SDKROOT; };
		F47F535A14ECCC82009BF6FE /* CoreGraphics.framework */ = {isa = PBXFileReference; lastKnownFileType = wrapper.framework; name = CoreGraphics.framework; path = System/Library/Frameworks/CoreGraphics.framework; sourceTree = SDKROOT; };
		F47F535E14ECCC82009BF6FE /* Zippity-Info.plist */ = {isa = PBXFileReference; lastKnownFileType = text.plist.xml; path = "Zippity-Info.plist"; sourceTree = "<group>"; };
		F47F536014ECCC82009BF6FE /* en */ = {isa = PBXFileReference; lastKnownFileType = text.plist.strings; name = en; path = en.lproj/InfoPlist.strings; sourceTree = "<group>"; };
		F47F536214ECCC82009BF6FE /* main.m */ = {isa = PBXFileReference; lastKnownFileType = sourcecode.c.objc; path = main.m; sourceTree = "<group>"; };
		F47F536414ECCC82009BF6FE /* Zippity-Prefix.pch */ = {isa = PBXFileReference; lastKnownFileType = sourcecode.c.h; path = "Zippity-Prefix.pch"; sourceTree = "<group>"; };
		F47F536514ECCC82009BF6FE /* ZPAppDelegate.h */ = {isa = PBXFileReference; lastKnownFileType = sourcecode.c.h; path = ZPAppDelegate.h; sourceTree = "<group>"; };
		F47F536614ECCC82009BF6FE /* ZPAppDelegate.m */ = {isa = PBXFileReference; lastKnownFileType = sourcecode.c.objc; path = ZPAppDelegate.m; sourceTree = "<group>"; };
		F47F537714ECD062009BF6FE /* ZPFileContainerListViewController.h */ = {isa = PBXFileReference; fileEncoding = 4; lastKnownFileType = sourcecode.c.h; path = ZPFileContainerListViewController.h; sourceTree = "<group>"; };
		F47F537814ECD062009BF6FE /* ZPFileContainerListViewController.m */ = {isa = PBXFileReference; fileEncoding = 4; lastKnownFileType = sourcecode.c.objc; lineEnding = 0; path = ZPFileContainerListViewController.m; sourceTree = "<group>"; xcLanguageSpecificationIdentifier = xcode.lang.objc; };
		F4876C3C14F05D2B00A95302 /* folder-icon.png */ = {isa = PBXFileReference; lastKnownFileType = image.png; path = "folder-icon.png"; sourceTree = "<group>"; };
		F4876C3D14F05D2B00A95302 /* folder-icon@2x.png */ = {isa = PBXFileReference; lastKnownFileType = image.png; path = "folder-icon@2x.png"; sourceTree = "<group>"; };
		F4B9909A14EE7F5A00F8FBD8 /* QuickLook.framework */ = {isa = PBXFileReference; lastKnownFileType = wrapper.framework; name = QuickLook.framework; path = System/Library/Frameworks/QuickLook.framework; sourceTree = SDKROOT; };
		F4E1905414F946EF0098D5BB /* ZPImagePreviewController.xib */ = {isa = PBXFileReference; fileEncoding = 4; lastKnownFileType = file.xib; path = ZPImagePreviewController.xib; sourceTree = "<group>"; };
		F4F62C1F14FFBE7600AB0C8C /* archive.h */ = {isa = PBXFileReference; fileEncoding = 4; lastKnownFileType = sourcecode.c.h; path = archive.h; sourceTree = "<group>"; };
		F4F62C2014FFBE7600AB0C8C /* archive_entry.h */ = {isa = PBXFileReference; fileEncoding = 4; lastKnownFileType = sourcecode.c.h; path = archive_entry.h; sourceTree = "<group>"; };
		F4F62C2114FFBE7600AB0C8C /* bzlib.h */ = {isa = PBXFileReference; fileEncoding = 4; lastKnownFileType = sourcecode.c.h; path = bzlib.h; sourceTree = "<group>"; };
		F4F62C2214FFBE7600AB0C8C /* libarc.a */ = {isa = PBXFileReference; lastKnownFileType = archive.ar; path = libarc.a; sourceTree = "<group>"; };
		F4F62C2314FFBE7600AB0C8C /* README.md */ = {isa = PBXFileReference; fileEncoding = 4; lastKnownFileType = text; path = README.md; sourceTree = "<group>"; };
		F4F62C2714FFC3B600AB0C8C /* ZPArchive.h */ = {isa = PBXFileReference; fileEncoding = 4; lastKnownFileType = sourcecode.c.h; path = ZPArchive.h; sourceTree = "<group>"; };
		F4F62C2814FFC3B600AB0C8C /* ZPArchive.m */ = {isa = PBXFileReference; fileEncoding = 4; lastKnownFileType = sourcecode.c.objc; path = ZPArchive.m; sourceTree = "<group>"; };
/* End PBXFileReference section */

/* Begin PBXFrameworksBuildPhase section */
		F47F534F14ECCC82009BF6FE /* Frameworks */ = {
			isa = PBXFrameworksBuildPhase;
			buildActionMask = 2147483647;
			files = (
				F41385B615134AF80087B896 /* QuartzCore.framework in Frameworks */,
				F43352E814F3C80000082527 /* MobileCoreServices.framework in Frameworks */,
				F43352E514F3C41600082527 /* MessageUI.framework in Frameworks */,
				F4B9909B14EE7F5A00F8FBD8 /* QuickLook.framework in Frameworks */,
				F47DFDA414ED57BC007F7443 /* libz.1.2.5.dylib in Frameworks */,
				F47F535714ECCC82009BF6FE /* UIKit.framework in Frameworks */,
				F47F535914ECCC82009BF6FE /* Foundation.framework in Frameworks */,
				F47F535B14ECCC82009BF6FE /* CoreGraphics.framework in Frameworks */,
				F40FDBA814F2889F008BF9C8 /* libTestFlight.a in Frameworks */,
				F4F62C2414FFBE7600AB0C8C /* libarc.a in Frameworks */,
			);
			runOnlyForDeploymentPostprocessing = 0;
		};
/* End PBXFrameworksBuildPhase section */

/* Begin PBXGroup section */
		F40FDBA314F2889F008BF9C8 /* TestFlightSDK */ = {
			isa = PBXGroup;
			children = (
				F40FDBA414F2889F008BF9C8 /* libTestFlight.a */,
				F40FDBA514F2889F008BF9C8 /* README.txt */,
				F40FDBA614F2889F008BF9C8 /* release_notes.txt */,
				F40FDBA714F2889F008BF9C8 /* TestFlight.h */,
			);
			path = TestFlightSDK;
			sourceTree = "<group>";
		};
		F42D56E41508B013000D89A2 /* Models */ = {
			isa = PBXGroup;
			children = (
				F4F62C2714FFC3B600AB0C8C /* ZPArchive.h */,
				F4F62C2814FFC3B600AB0C8C /* ZPArchive.m */,
				F441B49B14F3765D0067A4FC /* ZPFileWrapper.h */,
				F441B49A14F3765D0067A4FC /* ZPFileWrapper.m */,
			);
			name = Models;
			sourceTree = "<group>";
		};
		F42E46101505E01900DBAF17 /* Image gallery */ = {
			isa = PBXGroup;
			children = (
				F442747D14F85C9B00C84A0B /* ZPImagePreviewController.h */,
				F442747E14F85C9B00C84A0B /* ZPImagePreviewController.m */,
				F4E1905414F946EF0098D5BB /* ZPImagePreviewController.xib */,
				F476B0D414FB81B700E653E1 /* ZPImageScrollView.h */,
				F476B0D514FB81B700E653E1 /* ZPImageScrollView.m */,
			);
			name = "Image gallery";
			sourceTree = "<group>";
		};
		F4653836151267B800EE9461 /* MACollectionUtilities */ = {
			isa = PBXGroup;
			children = (
				F4653837151267B800EE9461 /* MACollectionUtilities.h */,
				F4653838151267B800EE9461 /* MACollectionUtilities.m */,
			);
			path = MACollectionUtilities;
			sourceTree = "<group>";
		};
		F47DFD8B14ED5581007F7443 /* Views and controllers */ = {
			isa = PBXGroup;
			children = (
				F47F537714ECD062009BF6FE /* ZPFileContainerListViewController.h */,
				F47F537814ECD062009BF6FE /* ZPFileContainerListViewController.m */,
				F417C788150A305F0035CACD /* ZPUnrecognisedFileTypeViewController.h */,
				F417C789150A305F0035CACD /* ZPUnrecognisedFileTypeViewController.m */,
				F417C78B150A31F20035CACD /* ZPUnrecognisedFileTypeViewController.xib */,
				F42E46101505E01900DBAF17 /* Image gallery */,
			);
			name = "Views and controllers";
			sourceTree = "<group>";
		};
		F47DFDA214ED5709007F7443 /* Third-party libraries */ = {
			isa = PBXGroup;
			children = (
				F41385B115134AEA0087B896 /* GSSmokedInfoView.h */,
				F41385B215134AEA0087B896 /* GSSmokedInfoView.m */,
				F4653836151267B800EE9461 /* MACollectionUtilities */,
				F4F62C1E14FFBE7600AB0C8C /* libarchive */,
				F40FDBA314F2889F008BF9C8 /* TestFlightSDK */,
			);
			name = "Third-party libraries";
			sourceTree = "<group>";
		};
		F47F534714ECCC82009BF6FE = {
			isa = PBXGroup;
			children = (
				F47F535C14ECCC82009BF6FE /* Zippity */,
				F47F535514ECCC82009BF6FE /* Frameworks */,
				F47F535314ECCC82009BF6FE /* Products */,
			);
			sourceTree = "<group>";
		};
		F47F535314ECCC82009BF6FE /* Products */ = {
			isa = PBXGroup;
			children = (
				F47F535214ECCC82009BF6FE /* Zippity.app */,
			);
			name = Products;
			sourceTree = "<group>";
		};
		F47F535514ECCC82009BF6FE /* Frameworks */ = {
			isa = PBXGroup;
			children = (
				F47DFDA314ED57BC007F7443 /* libz.1.2.5.dylib */,
				F47F535A14ECCC82009BF6FE /* CoreGraphics.framework */,
				F47F535814ECCC82009BF6FE /* Foundation.framework */,
				F43352E414F3C41600082527 /* MessageUI.framework */,
				F43352E714F3C80000082527 /* MobileCoreServices.framework */,
				F41385B515134AF80087B896 /* QuartzCore.framework */,
				F4B9909A14EE7F5A00F8FBD8 /* QuickLook.framework */,
				F47F535614ECCC82009BF6FE /* UIKit.framework */,
			);
			name = Frameworks;
			sourceTree = "<group>";
		};
		F47F535C14ECCC82009BF6FE /* Zippity */ = {
			isa = PBXGroup;
			children = (
				F45DA71C150FA05500C40E63 /* Settings.bundle */,
				F42D56E41508B013000D89A2 /* Models */,
				F4B9909914EE66F200F8FBD8 /* Categories */,
				F47DFDA214ED5709007F7443 /* Third-party libraries */,
				F47DFD8B14ED5581007F7443 /* Views and controllers */,
				F47F535D14ECCC82009BF6FE /* Supporting Files */,
			);
			path = Zippity;
			sourceTree = "<group>";
		};
		F47F535D14ECCC82009BF6FE /* Supporting Files */ = {
			isa = PBXGroup;
			children = (
				F47F536514ECCC82009BF6FE /* ZPAppDelegate.h */,
				F47F536614ECCC82009BF6FE /* ZPAppDelegate.m */,
				F4B9909E14EE820C00F8FBD8 /* Images */,
				F47F535F14ECCC82009BF6FE /* InfoPlist.strings */,
				F47F536214ECCC82009BF6FE /* main.m */,
				F46921A214F7F00500669E7E /* Welcome to Zippity.zip */,
				F47F535E14ECCC82009BF6FE /* Zippity-Info.plist */,
				F47F536414ECCC82009BF6FE /* Zippity-Prefix.pch */,
				F40144F4151263690036AF48 /* ZPDefaultsKeys.h */,
			);
			name = "Supporting Files";
			sourceTree = "<group>";
		};
		F4B9909914EE66F200F8FBD8 /* Categories */ = {
			isa = PBXGroup;
			children = (
				F47DFDA514ED5EDF007F7443 /* NSDate+GSAdditions.h */,
				F47DFDA614ED5EDF007F7443 /* NSDate+GSAdditions.m */,
			);
			name = Categories;
			sourceTree = "<group>";
		};
		F4B9909E14EE820C00F8FBD8 /* Images */ = {
			isa = PBXGroup;
			children = (
				F4413931150BC4DB007F5E03 /* Default.png */,
				F4413930150BC4DB007F5E03 /* Default@2x.png */,
				F4876C3C14F05D2B00A95302 /* folder-icon.png */,
				F4876C3D14F05D2B00A95302 /* folder-icon@2x.png */,
				F47DFD7B14ED4E32007F7443 /* Icon-Small.png */,
				F47DFD7C14ED4E32007F7443 /* Icon-Small@2x.png */,
				F47DFD7D14ED4E32007F7443 /* Icon.png */,
				F47DFD7E14ED4E32007F7443 /* Icon@2x.png */,
				F404A4DD1513DEC300C5D59F /* nav-bar-background-landscape.png */,
				F404A4DE1513DEC300C5D59F /* nav-bar-background-landscape@2x.png */,
				F441392C150BC158007F5E03 /* nav-bar-background.png */,
				F441392D150BC158007F5E03 /* nav-bar-background@2x.png */,
				F4413934150BC691007F5E03 /* nav-bar-title-landscape.png */,
				F4413935150BC691007F5E03 /* nav-bar-title-landscape@2x.png */,
				F4413927150BBEC0007F5E03 /* nav-bar-title.png */,
				F4413928150BBEC0007F5E03 /* nav-bar-title@2x.png */,
			);
			name = Images;
			sourceTree = "<group>";
		};
		F4F62C1E14FFBE7600AB0C8C /* libarchive */ = {
			isa = PBXGroup;
			children = (
				F4F62C1F14FFBE7600AB0C8C /* archive.h */,
				F4F62C2014FFBE7600AB0C8C /* archive_entry.h */,
				F4F62C2114FFBE7600AB0C8C /* bzlib.h */,
				F4F62C2214FFBE7600AB0C8C /* libarc.a */,
				F4F62C2314FFBE7600AB0C8C /* README.md */,
			);
			path = libarchive;
			sourceTree = "<group>";
		};
/* End PBXGroup section */

/* Begin PBXNativeTarget section */
		F47F535114ECCC82009BF6FE /* Zippity */ = {
			isa = PBXNativeTarget;
			buildConfigurationList = F47F536A14ECCC82009BF6FE /* Build configuration list for PBXNativeTarget "Zippity" */;
			buildPhases = (
				F47F534E14ECCC82009BF6FE /* Sources */,
				F448269014FACA2500748100 /* Update version in Info.plist */,
				F4DE424114F99E5B004A996B /* Build Welcome to Zippity.zip */,
				F47F534F14ECCC82009BF6FE /* Frameworks */,
				F47F535014ECCC82009BF6FE /* Resources */,
			);
			buildRules = (
			);
			dependencies = (
			);
			name = Zippity;
			productName = Zippity;
			productReference = F47F535214ECCC82009BF6FE /* Zippity.app */;
			productType = "com.apple.product-type.application";
		};
/* End PBXNativeTarget section */

/* Begin PBXProject section */
		F47F534914ECCC82009BF6FE /* Project object */ = {
			isa = PBXProject;
			attributes = {
				LastUpgradeCheck = 0430;
				ORGANIZATIONNAME = "Goo Software Ltd";
			};
			buildConfigurationList = F47F534C14ECCC82009BF6FE /* Build configuration list for PBXProject "Zippity" */;
			compatibilityVersion = "Xcode 3.2";
			developmentRegion = English;
			hasScannedForEncodings = 0;
			knownRegions = (
				en,
			);
			mainGroup = F47F534714ECCC82009BF6FE;
			productRefGroup = F47F535314ECCC82009BF6FE /* Products */;
			projectDirPath = "";
			projectRoot = "";
			targets = (
				F47F535114ECCC82009BF6FE /* Zippity */,
			);
		};
/* End PBXProject section */

/* Begin PBXResourcesBuildPhase section */
		F47F535014ECCC82009BF6FE /* Resources */ = {
			isa = PBXResourcesBuildPhase;
			buildActionMask = 2147483647;
			files = (
				F47F536114ECCC82009BF6FE /* InfoPlist.strings in Resources */,
				F47DFD7F14ED4E32007F7443 /* Icon-Small.png in Resources */,
				F47DFD8014ED4E32007F7443 /* Icon-Small@2x.png in Resources */,
				F47DFD8114ED4E32007F7443 /* Icon.png in Resources */,
				F47DFD8214ED4E32007F7443 /* Icon@2x.png in Resources */,
				F4876C3E14F05D2B00A95302 /* folder-icon.png in Resources */,
				F4876C3F14F05D2B00A95302 /* folder-icon@2x.png in Resources */,
				F40FDBA914F2889F008BF9C8 /* README.txt in Resources */,
				F40FDBAA14F2889F008BF9C8 /* release_notes.txt in Resources */,
				F46921A314F7F00500669E7E /* Welcome to Zippity.zip in Resources */,
				F4E1905514F946EF0098D5BB /* ZPImagePreviewController.xib in Resources */,
				F4F62C2514FFBE7600AB0C8C /* README.md in Resources */,
				F417C78C150A31F20035CACD /* ZPUnrecognisedFileTypeViewController.xib in Resources */,
				F4413929150BBEC0007F5E03 /* nav-bar-title.png in Resources */,
				F441392A150BBEC0007F5E03 /* nav-bar-title@2x.png in Resources */,
				F441392E150BC158007F5E03 /* nav-bar-background.png in Resources */,
				F441392F150BC158007F5E03 /* nav-bar-background@2x.png in Resources */,
				F4413932150BC4DB007F5E03 /* Default@2x.png in Resources */,
				F4413933150BC4DB007F5E03 /* Default.png in Resources */,
				F4413936150BC691007F5E03 /* nav-bar-title-landscape.png in Resources */,
				F4413937150BC691007F5E03 /* nav-bar-title-landscape@2x.png in Resources */,
				F45DA71D150FA05600C40E63 /* Settings.bundle in Resources */,
				F404A4DF1513DEC300C5D59F /* nav-bar-background-landscape.png in Resources */,
				F404A4E01513DEC300C5D59F /* nav-bar-background-landscape@2x.png in Resources */,
			);
			runOnlyForDeploymentPostprocessing = 0;
		};
/* End PBXResourcesBuildPhase section */

/* Begin PBXShellScriptBuildPhase section */
		F448269014FACA2500748100 /* Update version in Info.plist */ = {
			isa = PBXShellScriptBuildPhase;
			buildActionMask = 2147483647;
			files = (
			);
			inputPaths = (
			);
			name = "Update version in Info.plist";
			outputPaths = (
			);
			runOnlyForDeploymentPostprocessing = 0;
			shellPath = /bin/sh;
			shellScript = "${PROJECT_DIR}/version.sh --set --plist-path \"${BUILT_PRODUCTS_DIR}/${INFOPLIST_PATH}\" --quiet";
		};
		F4DE424114F99E5B004A996B /* Build Welcome to Zippity.zip */ = {
			isa = PBXShellScriptBuildPhase;
			buildActionMask = 2147483647;
			files = (
			);
			inputPaths = (
			);
			name = "Build Welcome to Zippity.zip";
			outputPaths = (
			);
			runOnlyForDeploymentPostprocessing = 0;
			shellPath = /bin/sh;
			shellScript = "ZIP_FILE=\"$PROJECT_DIR/$PROJECT_NAME/Welcome to Zippity.zip\"\necho \"Updating $ZIP_FILE\"\n\nrm \"$ZIP_FILE\" || exit 1\ncd \"$PROJECT_DIR/welcome-contents\" || exit 1\n/usr/bin/zip -r \"$ZIP_FILE\" * -x \"*/.DS_Store\" || exit 1\nexit 0";
		};
/* End PBXShellScriptBuildPhase section */

/* Begin PBXSourcesBuildPhase section */
		F47F534E14ECCC82009BF6FE /* Sources */ = {
			isa = PBXSourcesBuildPhase;
			buildActionMask = 2147483647;
			files = (
				F47F536314ECCC82009BF6FE /* main.m in Sources */,
				F47F536714ECCC82009BF6FE /* ZPAppDelegate.m in Sources */,
				F47F537914ECD062009BF6FE /* ZPFileContainerListViewController.m in Sources */,
				F47DFDA714ED5EDF007F7443 /* NSDate+GSAdditions.m in Sources */,
				F441B49C14F3765D0067A4FC /* ZPFileWrapper.m in Sources */,
				F442747F14F85C9B00C84A0B /* ZPImagePreviewController.m in Sources */,
				F476B0D614FB81B700E653E1 /* ZPImageScrollView.m in Sources */,
				F4F62C2914FFC3B600AB0C8C /* ZPArchive.m in Sources */,
				F417C78A150A305F0035CACD /* ZPUnrecognisedFileTypeViewController.m in Sources */,
				F4653839151267B800EE9461 /* MACollectionUtilities.m in Sources */,
				F41385B315134AEA0087B896 /* GSSmokedInfoView.m in Sources */,
			);
			runOnlyForDeploymentPostprocessing = 0;
		};
/* End PBXSourcesBuildPhase section */

/* Begin PBXVariantGroup section */
		F47F535F14ECCC82009BF6FE /* InfoPlist.strings */ = {
			isa = PBXVariantGroup;
			children = (
				F47F536014ECCC82009BF6FE /* en */,
			);
			name = InfoPlist.strings;
			sourceTree = "<group>";
		};
/* End PBXVariantGroup section */

/* Begin XCBuildConfiguration section */
		F40FDBAC14F289DB008BF9C8 /* Ad Hoc */ = {
			isa = XCBuildConfiguration;
			buildSettings = {
				ALWAYS_SEARCH_USER_PATHS = NO;
				ARCHS = "$(ARCHS_STANDARD_32_BIT)";
				CLANG_ENABLE_OBJC_ARC = YES;
				"CODE_SIGN_IDENTITY[sdk=iphoneos*]" = "iPhone Developer";
				COPY_PHASE_STRIP = YES;
				GCC_C_LANGUAGE_STANDARD = gnu99;
				GCC_VERSION = com.apple.compilers.llvm.clang.1_0;
				GCC_WARN_ABOUT_MISSING_PROTOTYPES = YES;
				GCC_WARN_ABOUT_RETURN_TYPE = YES;
				GCC_WARN_UNUSED_VARIABLE = YES;
				IPHONEOS_DEPLOYMENT_TARGET = 4.3;
				OTHER_CFLAGS = "-DNS_BLOCK_ASSERTIONS=1";
				SDKROOT = iphoneos;
				VALIDATE_PRODUCT = YES;
				VERSIONING_SYSTEM = "apple-generic";
			};
			name = "Ad Hoc";
		};
		F40FDBAD14F289DB008BF9C8 /* Ad Hoc */ = {
			isa = XCBuildConfiguration;
			buildSettings = {
				"CODE_SIGN_IDENTITY[sdk=iphoneos*]" = "iPhone Distribution";
				COPY_PHASE_STRIP = NO;
				CURRENT_PROJECT_VERSION = 19;
				GCC_PRECOMPILE_PREFIX_HEADER = YES;
				GCC_PREFIX_HEADER = "Zippity/Zippity-Prefix.pch";
				INFOPLIST_FILE = "Zippity/Zippity-Info.plist";
				IPHONEOS_DEPLOYMENT_TARGET = 5.0;
				LIBRARY_SEARCH_PATHS = (
					"$(inherited)",
					"\"$(SRCROOT)/Zippity/TestFlightSDK\"",
					"\"$(SRCROOT)/Zippity/libarchive\"",
				);
				PRODUCT_NAME = "$(TARGET_NAME)";
				"PROVISIONING_PROFILE[sdk=iphoneos*]" = "";
				WRAPPER_EXTENSION = app;
			};
			name = "Ad Hoc";
		};
		F47F536814ECCC82009BF6FE /* Debug */ = {
			isa = XCBuildConfiguration;
			buildSettings = {
				ALWAYS_SEARCH_USER_PATHS = NO;
				ARCHS = "$(ARCHS_STANDARD_32_BIT)";
				CLANG_ENABLE_OBJC_ARC = YES;
				"CODE_SIGN_IDENTITY[sdk=iphoneos*]" = "iPhone Developer";
				COPY_PHASE_STRIP = NO;
				GCC_C_LANGUAGE_STANDARD = gnu99;
				GCC_DYNAMIC_NO_PIC = NO;
				GCC_OPTIMIZATION_LEVEL = 0;
				GCC_PREPROCESSOR_DEFINITIONS = (
					"DEBUG=1",
					"$(inherited)",
				);
				GCC_SYMBOLS_PRIVATE_EXTERN = NO;
				GCC_VERSION = com.apple.compilers.llvm.clang.1_0;
				GCC_WARN_ABOUT_MISSING_PROTOTYPES = YES;
				GCC_WARN_ABOUT_RETURN_TYPE = YES;
				GCC_WARN_UNUSED_VARIABLE = YES;
				IPHONEOS_DEPLOYMENT_TARGET = 4.3;
				SDKROOT = iphoneos;
				VERSIONING_SYSTEM = "apple-generic";
			};
			name = Debug;
		};
		F47F536914ECCC82009BF6FE /* Release */ = {
			isa = XCBuildConfiguration;
			buildSettings = {
				ALWAYS_SEARCH_USER_PATHS = NO;
				ARCHS = "$(ARCHS_STANDARD_32_BIT)";
				CLANG_ENABLE_OBJC_ARC = YES;
				"CODE_SIGN_IDENTITY[sdk=iphoneos*]" = "iPhone Developer";
				COPY_PHASE_STRIP = YES;
				GCC_C_LANGUAGE_STANDARD = gnu99;
				GCC_VERSION = com.apple.compilers.llvm.clang.1_0;
				GCC_WARN_ABOUT_MISSING_PROTOTYPES = YES;
				GCC_WARN_ABOUT_RETURN_TYPE = YES;
				GCC_WARN_UNUSED_VARIABLE = YES;
				IPHONEOS_DEPLOYMENT_TARGET = 4.3;
				OTHER_CFLAGS = "-DNS_BLOCK_ASSERTIONS=1";
				SDKROOT = iphoneos;
				VALIDATE_PRODUCT = YES;
				VERSIONING_SYSTEM = "apple-generic";
			};
			name = Release;
		};
		F47F536B14ECCC82009BF6FE /* Debug */ = {
			isa = XCBuildConfiguration;
			buildSettings = {
				CURRENT_PROJECT_VERSION = 19;
				GCC_PRECOMPILE_PREFIX_HEADER = YES;
				GCC_PREFIX_HEADER = "Zippity/Zippity-Prefix.pch";
				INFOPLIST_FILE = "Zippity/Zippity-Info.plist";
				IPHONEOS_DEPLOYMENT_TARGET = 5.0;
				LIBRARY_SEARCH_PATHS = (
					"$(inherited)",
					"\"$(SRCROOT)/Zippity/TestFlightSDK\"",
					"\"$(SRCROOT)/Zippity/libarchive\"",
				);
				PRODUCT_NAME = "$(TARGET_NAME)";
				WRAPPER_EXTENSION = app;
			};
			name = Debug;
		};
		F47F536C14ECCC82009BF6FE /* Release */ = {
			isa = XCBuildConfiguration;
			buildSettings = {
				"CODE_SIGN_IDENTITY[sdk=iphoneos*]" = "iPhone Distribution";
				CURRENT_PROJECT_VERSION = 19;
				GCC_PRECOMPILE_PREFIX_HEADER = YES;
				GCC_PREFIX_HEADER = "Zippity/Zippity-Prefix.pch";
				INFOPLIST_FILE = "Zippity/Zippity-Info.plist";
				IPHONEOS_DEPLOYMENT_TARGET = 5.0;
				LIBRARY_SEARCH_PATHS = (
					"$(inherited)",
					"\"$(SRCROOT)/Zippity/TestFlightSDK\"",
					"\"$(SRCROOT)/Zippity/libarchive\"",
				);
				PRODUCT_NAME = "$(TARGET_NAME)";
				"PROVISIONING_PROFILE[sdk=iphoneos*]" = "";
				WRAPPER_EXTENSION = app;
			};
			name = Release;
		};
/* End XCBuildConfiguration section */

/* Begin XCConfigurationList section */
		F47F534C14ECCC82009BF6FE /* Build configuration list for PBXProject "Zippity" */ = {
			isa = XCConfigurationList;
			buildConfigurations = (
				F47F536814ECCC82009BF6FE /* Debug */,
				F47F536914ECCC82009BF6FE /* Release */,
				F40FDBAC14F289DB008BF9C8 /* Ad Hoc */,
			);
			defaultConfigurationIsVisible = 0;
			defaultConfigurationName = Release;
		};
		F47F536A14ECCC82009BF6FE /* Build configuration list for PBXNativeTarget "Zippity" */ = {
			isa = XCConfigurationList;
			buildConfigurations = (
				F47F536B14ECCC82009BF6FE /* Debug */,
				F47F536C14ECCC82009BF6FE /* Release */,
				F40FDBAD14F289DB008BF9C8 /* Ad Hoc */,
			);
			defaultConfigurationIsVisible = 0;
			defaultConfigurationName = Release;
		};
/* End XCConfigurationList section */
	};
	rootObject = F47F534914ECCC82009BF6FE /* Project object */;
}
