// !$*UTF8*$!
{
	archiveVersion = 1;
	classes = {
	};
	objectVersion = 46;
	objects = {

/* Begin PBXBuildFile section */
		F40B66FF14F1A20E00156BBB /* safari-icon.png in Resources */ = {isa = PBXBuildFile; fileRef = F40B66FD14F1A20E00156BBB /* safari-icon.png */; };
		F40B670014F1A20E00156BBB /* safari-icon@2x.png in Resources */ = {isa = PBXBuildFile; fileRef = F40B66FE14F1A20E00156BBB /* safari-icon@2x.png */; };
		F40FDBA814F2889F008BF9C8 /* libTestFlight.a in Frameworks */ = {isa = PBXBuildFile; fileRef = F40FDBA414F2889F008BF9C8 /* libTestFlight.a */; };
		F40FDBA914F2889F008BF9C8 /* README.txt in Resources */ = {isa = PBXBuildFile; fileRef = F40FDBA514F2889F008BF9C8 /* README.txt */; };
		F40FDBAA14F2889F008BF9C8 /* release_notes.txt in Resources */ = {isa = PBXBuildFile; fileRef = F40FDBA614F2889F008BF9C8 /* release_notes.txt */; };
		F419661D14F0252900172FBA /* new-file-marker.png in Resources */ = {isa = PBXBuildFile; fileRef = F419661B14F0252900172FBA /* new-file-marker.png */; };
		F419661E14F0252900172FBA /* new-file-marker@2x.png in Resources */ = {isa = PBXBuildFile; fileRef = F419661C14F0252900172FBA /* new-file-marker@2x.png */; };
		F43352E514F3C41600082527 /* MessageUI.framework in Frameworks */ = {isa = PBXBuildFile; fileRef = F43352E414F3C41600082527 /* MessageUI.framework */; };
		F43352E814F3C80000082527 /* MobileCoreServices.framework in Frameworks */ = {isa = PBXBuildFile; fileRef = F43352E714F3C80000082527 /* MobileCoreServices.framework */; };
		F441B49C14F3765D0067A4FC /* GSFileWrapper.m in Sources */ = {isa = PBXBuildFile; fileRef = F441B49A14F3765D0067A4FC /* GSFileWrapper.m */; };
		F441B4C614F3B2E80067A4FC /* NSArray+GSZippityAdditions.m in Sources */ = {isa = PBXBuildFile; fileRef = F441B4C514F3B2E80067A4FC /* NSArray+GSZippityAdditions.m */; };
		F47AA30114F1284800F100C1 /* GSRootListViewController.m in Sources */ = {isa = PBXBuildFile; fileRef = F47AA30014F1284800F100C1 /* GSRootListViewController.m */; };
		F47DFD7F14ED4E32007F7443 /* Icon-Small.png in Resources */ = {isa = PBXBuildFile; fileRef = F47DFD7B14ED4E32007F7443 /* Icon-Small.png */; };
		F47DFD8014ED4E32007F7443 /* Icon-Small@2x.png in Resources */ = {isa = PBXBuildFile; fileRef = F47DFD7C14ED4E32007F7443 /* Icon-Small@2x.png */; };
		F47DFD8114ED4E32007F7443 /* Icon.png in Resources */ = {isa = PBXBuildFile; fileRef = F47DFD7D14ED4E32007F7443 /* Icon.png */; };
		F47DFD8214ED4E32007F7443 /* Icon@2x.png in Resources */ = {isa = PBXBuildFile; fileRef = F47DFD7E14ED4E32007F7443 /* Icon@2x.png */; };
		F47DFD9D14ED5704007F7443 /* ioapi.c in Sources */ = {isa = PBXBuildFile; fileRef = F47DFD9314ED5704007F7443 /* ioapi.c */; };
		F47DFD9E14ED5704007F7443 /* mztools.c in Sources */ = {isa = PBXBuildFile; fileRef = F47DFD9514ED5704007F7443 /* mztools.c */; settings = {COMPILER_FLAGS = "-Wno-deprecated-declarations -Wno-missing-prototypes"; }; };
		F47DFD9F14ED5704007F7443 /* unzip.c in Sources */ = {isa = PBXBuildFile; fileRef = F47DFD9714ED5704007F7443 /* unzip.c */; settings = {COMPILER_FLAGS = "-Xanalyzer -analyzer-disable-checker"; }; };
		F47DFDA014ED5704007F7443 /* zip.c in Sources */ = {isa = PBXBuildFile; fileRef = F47DFD9914ED5704007F7443 /* zip.c */; settings = {COMPILER_FLAGS = "-Xanalyzer -analyzer-disable-checker"; }; };
		F47DFDA114ED5704007F7443 /* ZipArchive.mm in Sources */ = {isa = PBXBuildFile; fileRef = F47DFD9C14ED5704007F7443 /* ZipArchive.mm */; settings = {COMPILER_FLAGS = "-fno-objc-arc -Wno-deprecated-declarations"; }; };
		F47DFDA414ED57BC007F7443 /* libz.1.2.5.dylib in Frameworks */ = {isa = PBXBuildFile; fileRef = F47DFDA314ED57BC007F7443 /* libz.1.2.5.dylib */; };
		F47DFDA714ED5EDF007F7443 /* NSDate+GSAdditions.m in Sources */ = {isa = PBXBuildFile; fileRef = F47DFDA614ED5EDF007F7443 /* NSDate+GSAdditions.m */; };
		F47F535714ECCC82009BF6FE /* UIKit.framework in Frameworks */ = {isa = PBXBuildFile; fileRef = F47F535614ECCC82009BF6FE /* UIKit.framework */; };
		F47F535914ECCC82009BF6FE /* Foundation.framework in Frameworks */ = {isa = PBXBuildFile; fileRef = F47F535814ECCC82009BF6FE /* Foundation.framework */; };
		F47F535B14ECCC82009BF6FE /* CoreGraphics.framework in Frameworks */ = {isa = PBXBuildFile; fileRef = F47F535A14ECCC82009BF6FE /* CoreGraphics.framework */; };
		F47F536114ECCC82009BF6FE /* InfoPlist.strings in Resources */ = {isa = PBXBuildFile; fileRef = F47F535F14ECCC82009BF6FE /* InfoPlist.strings */; };
		F47F536314ECCC82009BF6FE /* main.m in Sources */ = {isa = PBXBuildFile; fileRef = F47F536214ECCC82009BF6FE /* main.m */; };
		F47F536714ECCC82009BF6FE /* GSAppDelegate.m in Sources */ = {isa = PBXBuildFile; fileRef = F47F536614ECCC82009BF6FE /* GSAppDelegate.m */; };
		F47F537614ECCFEC009BF6FE /* Test data.zip in Resources */ = {isa = PBXBuildFile; fileRef = F47F537514ECCFEC009BF6FE /* Test data.zip */; };
		F47F537914ECD062009BF6FE /* GSFileContainerListViewController.m in Sources */ = {isa = PBXBuildFile; fileRef = F47F537814ECD062009BF6FE /* GSFileContainerListViewController.m */; };
		F4876C3E14F05D2B00A95302 /* folder-icon.png in Resources */ = {isa = PBXBuildFile; fileRef = F4876C3C14F05D2B00A95302 /* folder-icon.png */; };
		F4876C3F14F05D2B00A95302 /* folder-icon@2x.png in Resources */ = {isa = PBXBuildFile; fileRef = F4876C3D14F05D2B00A95302 /* folder-icon@2x.png */; };
		F4B9909B14EE7F5A00F8FBD8 /* QuickLook.framework in Frameworks */ = {isa = PBXBuildFile; fileRef = F4B9909A14EE7F5A00F8FBD8 /* QuickLook.framework */; };
/* End PBXBuildFile section */

/* Begin PBXFileReference section */
		F40B66FD14F1A20E00156BBB /* safari-icon.png */ = {isa = PBXFileReference; lastKnownFileType = image.png; path = "safari-icon.png"; sourceTree = "<group>"; };
		F40B66FE14F1A20E00156BBB /* safari-icon@2x.png */ = {isa = PBXFileReference; lastKnownFileType = image.png; path = "safari-icon@2x.png"; sourceTree = "<group>"; };
		F40FDBA414F2889F008BF9C8 /* libTestFlight.a */ = {isa = PBXFileReference; lastKnownFileType = archive.ar; path = libTestFlight.a; sourceTree = "<group>"; };
		F40FDBA514F2889F008BF9C8 /* README.txt */ = {isa = PBXFileReference; fileEncoding = 4; lastKnownFileType = text; path = README.txt; sourceTree = "<group>"; };
		F40FDBA614F2889F008BF9C8 /* release_notes.txt */ = {isa = PBXFileReference; fileEncoding = 4; lastKnownFileType = text; path = release_notes.txt; sourceTree = "<group>"; };
		F40FDBA714F2889F008BF9C8 /* TestFlight.h */ = {isa = PBXFileReference; fileEncoding = 4; lastKnownFileType = sourcecode.c.h; path = TestFlight.h; sourceTree = "<group>"; };
		F419661B14F0252900172FBA /* new-file-marker.png */ = {isa = PBXFileReference; lastKnownFileType = image.png; path = "new-file-marker.png"; sourceTree = "<group>"; };
		F419661C14F0252900172FBA /* new-file-marker@2x.png */ = {isa = PBXFileReference; lastKnownFileType = image.png; path = "new-file-marker@2x.png"; sourceTree = "<group>"; };
		F43352E414F3C41600082527 /* MessageUI.framework */ = {isa = PBXFileReference; lastKnownFileType = wrapper.framework; name = MessageUI.framework; path = System/Library/Frameworks/MessageUI.framework; sourceTree = SDKROOT; };
		F43352E714F3C80000082527 /* MobileCoreServices.framework */ = {isa = PBXFileReference; lastKnownFileType = wrapper.framework; name = MobileCoreServices.framework; path = System/Library/Frameworks/MobileCoreServices.framework; sourceTree = SDKROOT; };
		F441B49A14F3765D0067A4FC /* GSFileWrapper.m */ = {isa = PBXFileReference; fileEncoding = 4; lastKnownFileType = sourcecode.c.objc; path = GSFileWrapper.m; sourceTree = "<group>"; };
		F441B49B14F3765D0067A4FC /* GSFileWrapper.h */ = {isa = PBXFileReference; fileEncoding = 4; lastKnownFileType = sourcecode.c.h; path = GSFileWrapper.h; sourceTree = "<group>"; };
		F441B4C414F3B2E80067A4FC /* NSArray+GSZippityAdditions.h */ = {isa = PBXFileReference; fileEncoding = 4; lastKnownFileType = sourcecode.c.h; path = "NSArray+GSZippityAdditions.h"; sourceTree = "<group>"; };
		F441B4C514F3B2E80067A4FC /* NSArray+GSZippityAdditions.m */ = {isa = PBXFileReference; fileEncoding = 4; lastKnownFileType = sourcecode.c.objc; path = "NSArray+GSZippityAdditions.m"; sourceTree = "<group>"; };
		F47AA2FF14F1284800F100C1 /* GSRootListViewController.h */ = {isa = PBXFileReference; fileEncoding = 4; lastKnownFileType = sourcecode.c.h; path = GSRootListViewController.h; sourceTree = "<group>"; };
		F47AA30014F1284800F100C1 /* GSRootListViewController.m */ = {isa = PBXFileReference; fileEncoding = 4; lastKnownFileType = sourcecode.c.objc; path = GSRootListViewController.m; sourceTree = "<group>"; };
		F47DFD7B14ED4E32007F7443 /* Icon-Small.png */ = {isa = PBXFileReference; lastKnownFileType = image.png; path = "Icon-Small.png"; sourceTree = "<group>"; };
		F47DFD7C14ED4E32007F7443 /* Icon-Small@2x.png */ = {isa = PBXFileReference; lastKnownFileType = image.png; path = "Icon-Small@2x.png"; sourceTree = "<group>"; };
		F47DFD7D14ED4E32007F7443 /* Icon.png */ = {isa = PBXFileReference; lastKnownFileType = image.png; path = Icon.png; sourceTree = "<group>"; };
		F47DFD7E14ED4E32007F7443 /* Icon@2x.png */ = {isa = PBXFileReference; lastKnownFileType = image.png; path = "Icon@2x.png"; sourceTree = "<group>"; };
		F47DFD9214ED5704007F7443 /* crypt.h */ = {isa = PBXFileReference; fileEncoding = 4; lastKnownFileType = sourcecode.c.h; path = crypt.h; sourceTree = "<group>"; };
		F47DFD9314ED5704007F7443 /* ioapi.c */ = {isa = PBXFileReference; fileEncoding = 4; lastKnownFileType = sourcecode.c.c; path = ioapi.c; sourceTree = "<group>"; };
		F47DFD9414ED5704007F7443 /* ioapi.h */ = {isa = PBXFileReference; fileEncoding = 4; lastKnownFileType = sourcecode.c.h; path = ioapi.h; sourceTree = "<group>"; };
		F47DFD9514ED5704007F7443 /* mztools.c */ = {isa = PBXFileReference; fileEncoding = 4; lastKnownFileType = sourcecode.c.c; path = mztools.c; sourceTree = "<group>"; };
		F47DFD9614ED5704007F7443 /* mztools.h */ = {isa = PBXFileReference; fileEncoding = 4; lastKnownFileType = sourcecode.c.h; path = mztools.h; sourceTree = "<group>"; };
		F47DFD9714ED5704007F7443 /* unzip.c */ = {isa = PBXFileReference; fileEncoding = 4; lastKnownFileType = sourcecode.c.c; path = unzip.c; sourceTree = "<group>"; };
		F47DFD9814ED5704007F7443 /* unzip.h */ = {isa = PBXFileReference; fileEncoding = 4; lastKnownFileType = sourcecode.c.h; path = unzip.h; sourceTree = "<group>"; };
		F47DFD9914ED5704007F7443 /* zip.c */ = {isa = PBXFileReference; fileEncoding = 4; lastKnownFileType = sourcecode.c.c; path = zip.c; sourceTree = "<group>"; };
		F47DFD9A14ED5704007F7443 /* zip.h */ = {isa = PBXFileReference; fileEncoding = 4; lastKnownFileType = sourcecode.c.h; path = zip.h; sourceTree = "<group>"; };
		F47DFD9B14ED5704007F7443 /* ZipArchive.h */ = {isa = PBXFileReference; fileEncoding = 4; lastKnownFileType = sourcecode.c.h; path = ZipArchive.h; sourceTree = "<group>"; };
		F47DFD9C14ED5704007F7443 /* ZipArchive.mm */ = {isa = PBXFileReference; fileEncoding = 4; lastKnownFileType = sourcecode.cpp.objcpp; path = ZipArchive.mm; sourceTree = "<group>"; };
		F47DFDA314ED57BC007F7443 /* libz.1.2.5.dylib */ = {isa = PBXFileReference; lastKnownFileType = "compiled.mach-o.dylib"; name = libz.1.2.5.dylib; path = usr/lib/libz.1.2.5.dylib; sourceTree = SDKROOT; };
		F47DFDA514ED5EDF007F7443 /* NSDate+GSAdditions.h */ = {isa = PBXFileReference; fileEncoding = 4; lastKnownFileType = sourcecode.c.h; path = "NSDate+GSAdditions.h"; sourceTree = "<group>"; };
		F47DFDA614ED5EDF007F7443 /* NSDate+GSAdditions.m */ = {isa = PBXFileReference; fileEncoding = 4; lastKnownFileType = sourcecode.c.objc; path = "NSDate+GSAdditions.m"; sourceTree = "<group>"; };
		F47F535214ECCC82009BF6FE /* Zippity.app */ = {isa = PBXFileReference; explicitFileType = wrapper.application; includeInIndex = 0; path = Zippity.app; sourceTree = BUILT_PRODUCTS_DIR; };
		F47F535614ECCC82009BF6FE /* UIKit.framework */ = {isa = PBXFileReference; lastKnownFileType = wrapper.framework; name = UIKit.framework; path = System/Library/Frameworks/UIKit.framework; sourceTree = SDKROOT; };
		F47F535814ECCC82009BF6FE /* Foundation.framework */ = {isa = PBXFileReference; lastKnownFileType = wrapper.framework; name = Foundation.framework; path = System/Library/Frameworks/Foundation.framework; sourceTree = SDKROOT; };
		F47F535A14ECCC82009BF6FE /* CoreGraphics.framework */ = {isa = PBXFileReference; lastKnownFileType = wrapper.framework; name = CoreGraphics.framework; path = System/Library/Frameworks/CoreGraphics.framework; sourceTree = SDKROOT; };
		F47F535E14ECCC82009BF6FE /* Zippity-Info.plist */ = {isa = PBXFileReference; lastKnownFileType = text.plist.xml; path = "Zippity-Info.plist"; sourceTree = "<group>"; };
		F47F536014ECCC82009BF6FE /* en */ = {isa = PBXFileReference; lastKnownFileType = text.plist.strings; name = en; path = en.lproj/InfoPlist.strings; sourceTree = "<group>"; };
		F47F536214ECCC82009BF6FE /* main.m */ = {isa = PBXFileReference; lastKnownFileType = sourcecode.c.objc; path = main.m; sourceTree = "<group>"; };
		F47F536414ECCC82009BF6FE /* Zippity-Prefix.pch */ = {isa = PBXFileReference; lastKnownFileType = sourcecode.c.h; path = "Zippity-Prefix.pch"; sourceTree = "<group>"; };
		F47F536514ECCC82009BF6FE /* GSAppDelegate.h */ = {isa = PBXFileReference; lastKnownFileType = sourcecode.c.h; path = GSAppDelegate.h; sourceTree = "<group>"; };
		F47F536614ECCC82009BF6FE /* GSAppDelegate.m */ = {isa = PBXFileReference; lastKnownFileType = sourcecode.c.objc; path = GSAppDelegate.m; sourceTree = "<group>"; };
		F47F537514ECCFEC009BF6FE /* Test data.zip */ = {isa = PBXFileReference; lastKnownFileType = archive.zip; path = "Test data.zip"; sourceTree = "<group>"; };
		F47F537714ECD062009BF6FE /* GSFileContainerListViewController.h */ = {isa = PBXFileReference; fileEncoding = 4; lastKnownFileType = sourcecode.c.h; path = GSFileContainerListViewController.h; sourceTree = "<group>"; };
		F47F537814ECD062009BF6FE /* GSFileContainerListViewController.m */ = {isa = PBXFileReference; fileEncoding = 4; lastKnownFileType = sourcecode.c.objc; path = GSFileContainerListViewController.m; sourceTree = "<group>"; };
		F4876C3C14F05D2B00A95302 /* folder-icon.png */ = {isa = PBXFileReference; lastKnownFileType = image.png; path = "folder-icon.png"; sourceTree = "<group>"; };
		F4876C3D14F05D2B00A95302 /* folder-icon@2x.png */ = {isa = PBXFileReference; lastKnownFileType = image.png; path = "folder-icon@2x.png"; sourceTree = "<group>"; };
		F4B9909A14EE7F5A00F8FBD8 /* QuickLook.framework */ = {isa = PBXFileReference; lastKnownFileType = wrapper.framework; name = QuickLook.framework; path = System/Library/Frameworks/QuickLook.framework; sourceTree = SDKROOT; };
/* End PBXFileReference section */

/* Begin PBXFrameworksBuildPhase section */
		F47F534F14ECCC82009BF6FE /* Frameworks */ = {
			isa = PBXFrameworksBuildPhase;
			buildActionMask = 2147483647;
			files = (
				F43352E814F3C80000082527 /* MobileCoreServices.framework in Frameworks */,
				F43352E514F3C41600082527 /* MessageUI.framework in Frameworks */,
				F4B9909B14EE7F5A00F8FBD8 /* QuickLook.framework in Frameworks */,
				F47DFDA414ED57BC007F7443 /* libz.1.2.5.dylib in Frameworks */,
				F47F535714ECCC82009BF6FE /* UIKit.framework in Frameworks */,
				F47F535914ECCC82009BF6FE /* Foundation.framework in Frameworks */,
				F47F535B14ECCC82009BF6FE /* CoreGraphics.framework in Frameworks */,
				F40FDBA814F2889F008BF9C8 /* libTestFlight.a in Frameworks */,
			);
			runOnlyForDeploymentPostprocessing = 0;
		};
/* End PBXFrameworksBuildPhase section */

/* Begin PBXGroup section */
		F40FDBA314F2889F008BF9C8 /* TestFlightSDK */ = {
			isa = PBXGroup;
			children = (
				F40FDBA414F2889F008BF9C8 /* libTestFlight.a */,
				F40FDBA514F2889F008BF9C8 /* README.txt */,
				F40FDBA614F2889F008BF9C8 /* release_notes.txt */,
				F40FDBA714F2889F008BF9C8 /* TestFlight.h */,
			);
			path = TestFlightSDK;
			sourceTree = "<group>";
		};
		F47DFD8B14ED5581007F7443 /* View Controllers */ = {
			isa = PBXGroup;
			children = (
				F47F537714ECD062009BF6FE /* GSFileContainerListViewController.h */,
				F47F537814ECD062009BF6FE /* GSFileContainerListViewController.m */,
				F47AA2FF14F1284800F100C1 /* GSRootListViewController.h */,
				F47AA30014F1284800F100C1 /* GSRootListViewController.m */,
			);
			name = "View Controllers";
			sourceTree = "<group>";
		};
		F47DFD9014ED5704007F7443 /* ZipArchive */ = {
			isa = PBXGroup;
			children = (
				F47DFD9114ED5704007F7443 /* minizip */,
				F47DFD9B14ED5704007F7443 /* ZipArchive.h */,
				F47DFD9C14ED5704007F7443 /* ZipArchive.mm */,
			);
			path = ZipArchive;
			sourceTree = "<group>";
		};
		F47DFD9114ED5704007F7443 /* minizip */ = {
			isa = PBXGroup;
			children = (
				F47DFD9214ED5704007F7443 /* crypt.h */,
				F47DFD9314ED5704007F7443 /* ioapi.c */,
				F47DFD9414ED5704007F7443 /* ioapi.h */,
				F47DFD9514ED5704007F7443 /* mztools.c */,
				F47DFD9614ED5704007F7443 /* mztools.h */,
				F47DFD9714ED5704007F7443 /* unzip.c */,
				F47DFD9814ED5704007F7443 /* unzip.h */,
				F47DFD9914ED5704007F7443 /* zip.c */,
				F47DFD9A14ED5704007F7443 /* zip.h */,
			);
			path = minizip;
			sourceTree = "<group>";
		};
		F47DFDA214ED5709007F7443 /* Third-party libraries */ = {
			isa = PBXGroup;
			children = (
				F40FDBA314F2889F008BF9C8 /* TestFlightSDK */,
				F47DFD9014ED5704007F7443 /* ZipArchive */,
			);
			name = "Third-party libraries";
			sourceTree = "<group>";
		};
		F47F534714ECCC82009BF6FE = {
			isa = PBXGroup;
			children = (
				F47F535C14ECCC82009BF6FE /* Zippity */,
				F47F535514ECCC82009BF6FE /* Frameworks */,
				F47F535314ECCC82009BF6FE /* Products */,
			);
			sourceTree = "<group>";
		};
		F47F535314ECCC82009BF6FE /* Products */ = {
			isa = PBXGroup;
			children = (
				F47F535214ECCC82009BF6FE /* Zippity.app */,
			);
			name = Products;
			sourceTree = "<group>";
		};
		F47F535514ECCC82009BF6FE /* Frameworks */ = {
			isa = PBXGroup;
			children = (
				F43352E714F3C80000082527 /* MobileCoreServices.framework */,
				F43352E414F3C41600082527 /* MessageUI.framework */,
				F47F535A14ECCC82009BF6FE /* CoreGraphics.framework */,
				F47F535814ECCC82009BF6FE /* Foundation.framework */,
				F47DFDA314ED57BC007F7443 /* libz.1.2.5.dylib */,
				F4B9909A14EE7F5A00F8FBD8 /* QuickLook.framework */,
				F47F535614ECCC82009BF6FE /* UIKit.framework */,
			);
			name = Frameworks;
			sourceTree = "<group>";
		};
		F47F535C14ECCC82009BF6FE /* Zippity */ = {
			isa = PBXGroup;
			children = (
				F441B4C414F3B2E80067A4FC /* NSArray+GSZippityAdditions.h */,
				F441B4C514F3B2E80067A4FC /* NSArray+GSZippityAdditions.m */,
				F441B49A14F3765D0067A4FC /* GSFileWrapper.m */,
				F441B49B14F3765D0067A4FC /* GSFileWrapper.h */,
				F47F536514ECCC82009BF6FE /* GSAppDelegate.h */,
				F47F536614ECCC82009BF6FE /* GSAppDelegate.m */,
				F4B9909914EE66F200F8FBD8 /* Categories */,
				F47DFDA214ED5709007F7443 /* Third-party libraries */,
				F47DFD8B14ED5581007F7443 /* View Controllers */,
				F47F535D14ECCC82009BF6FE /* Supporting Files */,
			);
			path = Zippity;
			sourceTree = "<group>";
		};
		F47F535D14ECCC82009BF6FE /* Supporting Files */ = {
			isa = PBXGroup;
			children = (
				F4B9909E14EE820C00F8FBD8 /* Images */,
				F47F537514ECCFEC009BF6FE /* Test data.zip */,
				F47F535E14ECCC82009BF6FE /* Zippity-Info.plist */,
				F47F535F14ECCC82009BF6FE /* InfoPlist.strings */,
				F47F536214ECCC82009BF6FE /* main.m */,
				F47F536414ECCC82009BF6FE /* Zippity-Prefix.pch */,
			);
			name = "Supporting Files";
			sourceTree = "<group>";
		};
		F4B9909914EE66F200F8FBD8 /* Categories */ = {
			isa = PBXGroup;
			children = (
				F47DFDA514ED5EDF007F7443 /* NSDate+GSAdditions.h */,
				F47DFDA614ED5EDF007F7443 /* NSDate+GSAdditions.m */,
			);
			name = Categories;
			sourceTree = "<group>";
		};
		F4B9909E14EE820C00F8FBD8 /* Images */ = {
			isa = PBXGroup;
			children = (
				F40B66FD14F1A20E00156BBB /* safari-icon.png */,
				F40B66FE14F1A20E00156BBB /* safari-icon@2x.png */,
				F4876C3C14F05D2B00A95302 /* folder-icon.png */,
				F4876C3D14F05D2B00A95302 /* folder-icon@2x.png */,
				F419661B14F0252900172FBA /* new-file-marker.png */,
				F419661C14F0252900172FBA /* new-file-marker@2x.png */,
				F47DFD7B14ED4E32007F7443 /* Icon-Small.png */,
				F47DFD7C14ED4E32007F7443 /* Icon-Small@2x.png */,
				F47DFD7D14ED4E32007F7443 /* Icon.png */,
				F47DFD7E14ED4E32007F7443 /* Icon@2x.png */,
			);
			name = Images;
			sourceTree = "<group>";
		};
/* End PBXGroup section */

/* Begin PBXNativeTarget section */
		F47F535114ECCC82009BF6FE /* Zippity */ = {
			isa = PBXNativeTarget;
			buildConfigurationList = F47F536A14ECCC82009BF6FE /* Build configuration list for PBXNativeTarget "Zippity" */;
			buildPhases = (
				F47F534E14ECCC82009BF6FE /* Sources */,
				F4E0A93E14EDC0760073644D /* ShellScript */,
				F47F534F14ECCC82009BF6FE /* Frameworks */,
				F47F535014ECCC82009BF6FE /* Resources */,
			);
			buildRules = (
			);
			dependencies = (
			);
			name = Zippity;
			productName = Zippity;
			productReference = F47F535214ECCC82009BF6FE /* Zippity.app */;
			productType = "com.apple.product-type.application";
		};
/* End PBXNativeTarget section */

/* Begin PBXProject section */
		F47F534914ECCC82009BF6FE /* Project object */ = {
			isa = PBXProject;
			attributes = {
				LastUpgradeCheck = 0430;
				ORGANIZATIONNAME = "Goo Software Ltd";
			};
			buildConfigurationList = F47F534C14ECCC82009BF6FE /* Build configuration list for PBXProject "Zippity" */;
			compatibilityVersion = "Xcode 3.2";
			developmentRegion = English;
			hasScannedForEncodings = 0;
			knownRegions = (
				en,
			);
			mainGroup = F47F534714ECCC82009BF6FE;
			productRefGroup = F47F535314ECCC82009BF6FE /* Products */;
			projectDirPath = "";
			projectRoot = "";
			targets = (
				F47F535114ECCC82009BF6FE /* Zippity */,
			);
		};
/* End PBXProject section */

/* Begin PBXResourcesBuildPhase section */
		F47F535014ECCC82009BF6FE /* Resources */ = {
			isa = PBXResourcesBuildPhase;
			buildActionMask = 2147483647;
			files = (
				F47F536114ECCC82009BF6FE /* InfoPlist.strings in Resources */,
				F47F537614ECCFEC009BF6FE /* Test data.zip in Resources */,
				F47DFD7F14ED4E32007F7443 /* Icon-Small.png in Resources */,
				F47DFD8014ED4E32007F7443 /* Icon-Small@2x.png in Resources */,
				F47DFD8114ED4E32007F7443 /* Icon.png in Resources */,
				F47DFD8214ED4E32007F7443 /* Icon@2x.png in Resources */,
				F419661D14F0252900172FBA /* new-file-marker.png in Resources */,
				F419661E14F0252900172FBA /* new-file-marker@2x.png in Resources */,
				F4876C3E14F05D2B00A95302 /* folder-icon.png in Resources */,
				F4876C3F14F05D2B00A95302 /* folder-icon@2x.png in Resources */,
				F40B66FF14F1A20E00156BBB /* safari-icon.png in Resources */,
				F40B670014F1A20E00156BBB /* safari-icon@2x.png in Resources */,
				F40FDBA914F2889F008BF9C8 /* README.txt in Resources */,
				F40FDBAA14F2889F008BF9C8 /* release_notes.txt in Resources */,
			);
			runOnlyForDeploymentPostprocessing = 0;
		};
/* End PBXResourcesBuildPhase section */

/* Begin PBXShellScriptBuildPhase section */
		F4E0A93E14EDC0760073644D /* ShellScript */ = {
			isa = PBXShellScriptBuildPhase;
			buildActionMask = 2147483647;
			files = (
			);
			inputPaths = (
			);
			outputPaths = (
			);
			runOnlyForDeploymentPostprocessing = 0;
			shellPath = /bin/sh;
			shellScript = "alias git=$(which git)\n\ngit_version()\n{\n    GITVERSION=`git describe | cut -d- -f1-2 | tr - .`\n    GITMODIFIED=`(git status | grep \"modified:\\|added:\\|deleted:\" -q) && echo \"-M\"`\n    echo $GITVERSION$GITMODIFIED\n}\n\nif [[ $(git symbolic-ref -q HEAD) != 'refs/heads/master' ]]; then\n# Get location of parsed Info.plist\nGS_INFO_PLIST_PATH=\"$BUILT_PRODUCTS_DIR/$FULL_PRODUCT_NAME/Info\"\n\n# Use git version as version number\nexport GS_NEW_VERSION=`git_version`\necho Version is $GS_NEW_VERSION\n\n# Write new version number to parsed Info.plist\ndefaults write \"$GS_INFO_PLIST_PATH\" CFBundleVersion $GS_NEW_VERSION\ndefaults write \"$GS_INFO_PLIST_PATH\" CFBundleShortVersionString $GS_NEW_VERSION\nfi\n";
		};
/* End PBXShellScriptBuildPhase section */

/* Begin PBXSourcesBuildPhase section */
		F47F534E14ECCC82009BF6FE /* Sources */ = {
			isa = PBXSourcesBuildPhase;
			buildActionMask = 2147483647;
			files = (
				F47F536314ECCC82009BF6FE /* main.m in Sources */,
				F47F536714ECCC82009BF6FE /* GSAppDelegate.m in Sources */,
				F47F537914ECD062009BF6FE /* GSFileContainerListViewController.m in Sources */,
				F47DFD9D14ED5704007F7443 /* ioapi.c in Sources */,
				F47DFD9E14ED5704007F7443 /* mztools.c in Sources */,
				F47DFD9F14ED5704007F7443 /* unzip.c in Sources */,
				F47DFDA014ED5704007F7443 /* zip.c in Sources */,
				F47DFDA114ED5704007F7443 /* ZipArchive.mm in Sources */,
				F47DFDA714ED5EDF007F7443 /* NSDate+GSAdditions.m in Sources */,
				F47AA30114F1284800F100C1 /* GSRootListViewController.m in Sources */,
				F441B49C14F3765D0067A4FC /* GSFileWrapper.m in Sources */,
				F441B4C614F3B2E80067A4FC /* NSArray+GSZippityAdditions.m in Sources */,
			);
			runOnlyForDeploymentPostprocessing = 0;
		};
/* End PBXSourcesBuildPhase section */

/* Begin PBXVariantGroup section */
		F47F535F14ECCC82009BF6FE /* InfoPlist.strings */ = {
			isa = PBXVariantGroup;
			children = (
				F47F536014ECCC82009BF6FE /* en */,
			);
			name = InfoPlist.strings;
			sourceTree = "<group>";
		};
/* End PBXVariantGroup section */

/* Begin XCBuildConfiguration section */
		F40FDBAC14F289DB008BF9C8 /* Ad Hoc */ = {
			isa = XCBuildConfiguration;
			buildSettings = {
				ALWAYS_SEARCH_USER_PATHS = NO;
				ARCHS = "$(ARCHS_STANDARD_32_BIT)";
				CLANG_ENABLE_OBJC_ARC = YES;
				"CODE_SIGN_IDENTITY[sdk=iphoneos*]" = "iPhone Developer";
				COPY_PHASE_STRIP = YES;
				GCC_C_LANGUAGE_STANDARD = gnu99;
				GCC_VERSION = com.apple.compilers.llvm.clang.1_0;
				GCC_WARN_ABOUT_MISSING_PROTOTYPES = YES;
				GCC_WARN_ABOUT_RETURN_TYPE = YES;
				GCC_WARN_UNUSED_VARIABLE = YES;
				IPHONEOS_DEPLOYMENT_TARGET = 4.3;
				OTHER_CFLAGS = "-DNS_BLOCK_ASSERTIONS=1";
				SDKROOT = iphoneos;
				VALIDATE_PRODUCT = YES;
			};
			name = "Ad Hoc";
		};
		F40FDBAD14F289DB008BF9C8 /* Ad Hoc */ = {
			isa = XCBuildConfiguration;
			buildSettings = {
				"CODE_SIGN_IDENTITY[sdk=iphoneos*]" = "iPhone Distribution";
				COPY_PHASE_STRIP = NO;
				GCC_PRECOMPILE_PREFIX_HEADER = YES;
				GCC_PREFIX_HEADER = "Zippity/Zippity-Prefix.pch";
				INFOPLIST_FILE = "Zippity/Zippity-Info.plist";
				LIBRARY_SEARCH_PATHS = (
					"$(inherited)",
					"\"$(SRCROOT)/Zippity/TestFlightSDK\"",
				);
				PRODUCT_NAME = "$(TARGET_NAME)";
				"PROVISIONING_PROFILE[sdk=iphoneos*]" = "";
				WRAPPER_EXTENSION = app;
			};
			name = "Ad Hoc";
		};
		F47F536814ECCC82009BF6FE /* Debug */ = {
			isa = XCBuildConfiguration;
			buildSettings = {
				ALWAYS_SEARCH_USER_PATHS = NO;
				ARCHS = "$(ARCHS_STANDARD_32_BIT)";
				CLANG_ENABLE_OBJC_ARC = YES;
				"CODE_SIGN_IDENTITY[sdk=iphoneos*]" = "iPhone Developer";
				COPY_PHASE_STRIP = NO;
				GCC_C_LANGUAGE_STANDARD = gnu99;
				GCC_DYNAMIC_NO_PIC = NO;
				GCC_OPTIMIZATION_LEVEL = 0;
				GCC_PREPROCESSOR_DEFINITIONS = (
					"DEBUG=1",
					"$(inherited)",
				);
				GCC_SYMBOLS_PRIVATE_EXTERN = NO;
				GCC_VERSION = com.apple.compilers.llvm.clang.1_0;
				GCC_WARN_ABOUT_MISSING_PROTOTYPES = YES;
				GCC_WARN_ABOUT_RETURN_TYPE = YES;
				GCC_WARN_UNUSED_VARIABLE = YES;
				IPHONEOS_DEPLOYMENT_TARGET = 4.3;
				SDKROOT = iphoneos;
			};
			name = Debug;
		};
		F47F536914ECCC82009BF6FE /* Release */ = {
			isa = XCBuildConfiguration;
			buildSettings = {
				ALWAYS_SEARCH_USER_PATHS = NO;
				ARCHS = "$(ARCHS_STANDARD_32_BIT)";
				CLANG_ENABLE_OBJC_ARC = YES;
				"CODE_SIGN_IDENTITY[sdk=iphoneos*]" = "iPhone Developer";
				COPY_PHASE_STRIP = YES;
				GCC_C_LANGUAGE_STANDARD = gnu99;
				GCC_VERSION = com.apple.compilers.llvm.clang.1_0;
				GCC_WARN_ABOUT_MISSING_PROTOTYPES = YES;
				GCC_WARN_ABOUT_RETURN_TYPE = YES;
				GCC_WARN_UNUSED_VARIABLE = YES;
				IPHONEOS_DEPLOYMENT_TARGET = 4.3;
				OTHER_CFLAGS = "-DNS_BLOCK_ASSERTIONS=1";
				SDKROOT = iphoneos;
				VALIDATE_PRODUCT = YES;
			};
			name = Release;
		};
		F47F536B14ECCC82009BF6FE /* Debug */ = {
			isa = XCBuildConfiguration;
			buildSettings = {
				GCC_PRECOMPILE_PREFIX_HEADER = YES;
				GCC_PREFIX_HEADER = "Zippity/Zippity-Prefix.pch";
				INFOPLIST_FILE = "Zippity/Zippity-Info.plist";
				LIBRARY_SEARCH_PATHS = (
					"$(inherited)",
					"\"$(SRCROOT)/Zippity/TestFlightSDK\"",
				);
				PRODUCT_NAME = "$(TARGET_NAME)";
				WRAPPER_EXTENSION = app;
			};
			name = Debug;
		};
		F47F536C14ECCC82009BF6FE /* Release */ = {
			isa = XCBuildConfiguration;
			buildSettings = {
				"CODE_SIGN_IDENTITY[sdk=iphoneos*]" = "iPhone Distribution";
				GCC_PRECOMPILE_PREFIX_HEADER = YES;
				GCC_PREFIX_HEADER = "Zippity/Zippity-Prefix.pch";
				INFOPLIST_FILE = "Zippity/Zippity-Info.plist";
				LIBRARY_SEARCH_PATHS = (
					"$(inherited)",
					"\"$(SRCROOT)/Zippity/TestFlightSDK\"",
				);
				PRODUCT_NAME = "$(TARGET_NAME)";
				"PROVISIONING_PROFILE[sdk=iphoneos*]" = "";
				WRAPPER_EXTENSION = app;
			};
			name = Release;
		};
/* End XCBuildConfiguration section */

/* Begin XCConfigurationList section */
		F47F534C14ECCC82009BF6FE /* Build configuration list for PBXProject "Zippity" */ = {
			isa = XCConfigurationList;
			buildConfigurations = (
				F47F536814ECCC82009BF6FE /* Debug */,
				F47F536914ECCC82009BF6FE /* Release */,
				F40FDBAC14F289DB008BF9C8 /* Ad Hoc */,
			);
			defaultConfigurationIsVisible = 0;
			defaultConfigurationName = Release;
		};
		F47F536A14ECCC82009BF6FE /* Build configuration list for PBXNativeTarget "Zippity" */ = {
			isa = XCConfigurationList;
			buildConfigurations = (
				F47F536B14ECCC82009BF6FE /* Debug */,
				F47F536C14ECCC82009BF6FE /* Release */,
				F40FDBAD14F289DB008BF9C8 /* Ad Hoc */,
			);
			defaultConfigurationIsVisible = 0;
			defaultConfigurationName = Release;
		};
/* End XCConfigurationList section */
	};
	rootObject = F47F534914ECCC82009BF6FE /* Project object */;
}
